
Microsoft Visual Studio Solution File, Format Version 12.00
# Visual Studio Version 17
VisualStudioVersion = 17.4.33403.182
MinimumVisualStudioVersion = 10.0.40219.1
Project("{FAE04EC0-301F-11D3-BF4B-00C04F79EFBC}") = "Pattren Observer 02.05.2023", "Pattren Observer 02.05.2023\Pattren Observer 02.05.2023.csproj", "{C3446BC8-8C49-4994-9C7E-3FE68AF72F6A}"
EndProject
Global
	GlobalSection(SolutionConfigurationPlatforms) = preSolution
		Debug|Any CPU = Debug|Any CPU
		Release|Any CPU = Release|Any CPU
	EndGlobalSection
	GlobalSection(ProjectConfigurationPlatforms) = postSolution
		{C3446BC8-8C49-4994-9C7E-3FE68AF72F6A}.Debug|Any CPU.ActiveCfg = Debug|Any CPU
		{C3446BC8-8C49-4994-9C7E-3FE68AF72F6A}.Debug|Any CPU.Build.0 = Debug|Any CPU
		{C3446BC8-8C49-4994-9C7E-3FE68AF72F6A}.Release|Any CPU.ActiveCfg = Release|Any CPU
		{C3446BC8-8C49-4994-9C7E-3FE68AF72F6A}.Release|Any CPU.Build.0 = Release|Any CPU
	EndGlobalSection
	GlobalSection(SolutionProperties) = preSolution
		HideSolutionNode = FALSE
	EndGlobalSection
	GlobalSection(ExtensibilityGlobals) = postSolution
		SolutionGuid = {ACBE400D-4C40-42CD-BFE7-B61061BA4742}
	EndGlobalSection
EndGlobal
