
Microsoft Visual Studio Solution File, Format Version 12.00
# Visual Studio Version 17
VisualStudioVersion = 17.4.33403.182
MinimumVisualStudioVersion = 10.0.40219.1
Project("{FAE04EC0-301F-11D3-BF4B-00C04F79EFBC}") = "Protskiv 16.05.2023", "Protskiv 16.05.2023\Protskiv 16.05.2023.csproj", "{BB20D2B1-382A-40A1-A352-1F315D8BBC0A}"
EndProject
Global
	GlobalSection(SolutionConfigurationPlatforms) = preSolution
		Debug|Any CPU = Debug|Any CPU
		Release|Any CPU = Release|Any CPU
	EndGlobalSection
	GlobalSection(ProjectConfigurationPlatforms) = postSolution
		{BB20D2B1-382A-40A1-A352-1F315D8BBC0A}.Debug|Any CPU.ActiveCfg = Debug|Any CPU
		{BB20D2B1-382A-40A1-A352-1F315D8BBC0A}.Debug|Any CPU.Build.0 = Debug|Any CPU
		{BB20D2B1-382A-40A1-A352-1F315D8BBC0A}.Release|Any CPU.ActiveCfg = Release|Any CPU
		{BB20D2B1-382A-40A1-A352-1F315D8BBC0A}.Release|Any CPU.Build.0 = Release|Any CPU
	EndGlobalSection
	GlobalSection(SolutionProperties) = preSolution
		HideSolutionNode = FALSE
	EndGlobalSection
	GlobalSection(ExtensibilityGlobals) = postSolution
		SolutionGuid = {37D095BE-C4D3-4AD1-B2AB-737B35C5FD05}
	EndGlobalSection
EndGlobal
