
Microsoft Visual Studio Solution File, Format Version 12.00
# Visual Studio Version 17
VisualStudioVersion = 17.4.33403.182
MinimumVisualStudioVersion = 10.0.40219.1
Project("{FAE04EC0-301F-11D3-BF4B-00C04F79EFBC}") = "Collections 21.03.2023", "Collections 21.03.2023\Collections 21.03.2023.csproj", "{643534F4-53DE-42DF-A3A4-4FA9ADBC4C76}"
EndProject
Global
	GlobalSection(SolutionConfigurationPlatforms) = preSolution
		Debug|Any CPU = Debug|Any CPU
		Release|Any CPU = Release|Any CPU
	EndGlobalSection
	GlobalSection(ProjectConfigurationPlatforms) = postSolution
		{643534F4-53DE-42DF-A3A4-4FA9ADBC4C76}.Debug|Any CPU.ActiveCfg = Debug|Any CPU
		{643534F4-53DE-42DF-A3A4-4FA9ADBC4C76}.Debug|Any CPU.Build.0 = Debug|Any CPU
		{643534F4-53DE-42DF-A3A4-4FA9ADBC4C76}.Release|Any CPU.ActiveCfg = Release|Any CPU
		{643534F4-53DE-42DF-A3A4-4FA9ADBC4C76}.Release|Any CPU.Build.0 = Release|Any CPU
	EndGlobalSection
	GlobalSection(SolutionProperties) = preSolution
		HideSolutionNode = FALSE
	EndGlobalSection
	GlobalSection(ExtensibilityGlobals) = postSolution
		SolutionGuid = {B074CD97-D54D-4AF8-941D-2F6CBECB8DDA}
	EndGlobalSection
EndGlobal
