
Microsoft Visual Studio Solution File, Format Version 12.00
# Visual Studio Version 17
VisualStudioVersion = 17.4.33403.182
MinimumVisualStudioVersion = 10.0.40219.1
Project("{FAE04EC0-301F-11D3-BF4B-00C04F79EFBC}") = "25.04.2023 Practice", "25.04.2023 Practice\25.04.2023 Practice.csproj", "{56FF9DB1-921E-4F52-8198-4CD9622DF832}"
EndProject
Global
	GlobalSection(SolutionConfigurationPlatforms) = preSolution
		Debug|Any CPU = Debug|Any CPU
		Release|Any CPU = Release|Any CPU
	EndGlobalSection
	GlobalSection(ProjectConfigurationPlatforms) = postSolution
		{56FF9DB1-921E-4F52-8198-4CD9622DF832}.Debug|Any CPU.ActiveCfg = Debug|Any CPU
		{56FF9DB1-921E-4F52-8198-4CD9622DF832}.Debug|Any CPU.Build.0 = Debug|Any CPU
		{56FF9DB1-921E-4F52-8198-4CD9622DF832}.Release|Any CPU.ActiveCfg = Release|Any CPU
		{56FF9DB1-921E-4F52-8198-4CD9622DF832}.Release|Any CPU.Build.0 = Release|Any CPU
	EndGlobalSection
	GlobalSection(SolutionProperties) = preSolution
		HideSolutionNode = FALSE
	EndGlobalSection
	GlobalSection(ExtensibilityGlobals) = postSolution
		SolutionGuid = {053A4661-D8FC-43C5-8F54-45F90CF4BB73}
	EndGlobalSection
EndGlobal
