
Microsoft Visual Studio Solution File, Format Version 12.00
# Visual Studio Version 17
VisualStudioVersion = 17.4.33403.182
MinimumVisualStudioVersion = 10.0.40219.1
Project("{FAE04EC0-301F-11D3-BF4B-00C04F79EFBC}") = "Individual work", "Individual work\Individual work.csproj", "{BF03C490-A355-4F15-8760-FBEF59BEDFB7}"
EndProject
Global
	GlobalSection(SolutionConfigurationPlatforms) = preSolution
		Debug|Any CPU = Debug|Any CPU
		Release|Any CPU = Release|Any CPU
	EndGlobalSection
	GlobalSection(ProjectConfigurationPlatforms) = postSolution
		{BF03C490-A355-4F15-8760-FBEF59BEDFB7}.Debug|Any CPU.ActiveCfg = Debug|Any CPU
		{BF03C490-A355-4F15-8760-FBEF59BEDFB7}.Debug|Any CPU.Build.0 = Debug|Any CPU
		{BF03C490-A355-4F15-8760-FBEF59BEDFB7}.Release|Any CPU.ActiveCfg = Release|Any CPU
		{BF03C490-A355-4F15-8760-FBEF59BEDFB7}.Release|Any CPU.Build.0 = Release|Any CPU
	EndGlobalSection
	GlobalSection(SolutionProperties) = preSolution
		HideSolutionNode = FALSE
	EndGlobalSection
	GlobalSection(ExtensibilityGlobals) = postSolution
		SolutionGuid = {3FD7640F-5A82-469E-B839-22D6701759BC}
	EndGlobalSection
EndGlobal
