
Microsoft Visual Studio Solution File, Format Version 12.00
# Visual Studio Version 17
VisualStudioVersion = 17.4.33403.182
MinimumVisualStudioVersion = 10.0.40219.1
Project("{FAE04EC0-301F-11D3-BF4B-00C04F79EFBC}") = "linq 11.04.2023", "linq 11.04.2023\linq 11.04.2023.csproj", "{D916977C-3451-4B41-92B4-68DC0EED0665}"
EndProject
Global
	GlobalSection(SolutionConfigurationPlatforms) = preSolution
		Debug|Any CPU = Debug|Any CPU
		Release|Any CPU = Release|Any CPU
	EndGlobalSection
	GlobalSection(ProjectConfigurationPlatforms) = postSolution
		{D916977C-3451-4B41-92B4-68DC0EED0665}.Debug|Any CPU.ActiveCfg = Debug|Any CPU
		{D916977C-3451-4B41-92B4-68DC0EED0665}.Debug|Any CPU.Build.0 = Debug|Any CPU
		{D916977C-3451-4B41-92B4-68DC0EED0665}.Release|Any CPU.ActiveCfg = Release|Any CPU
		{D916977C-3451-4B41-92B4-68DC0EED0665}.Release|Any CPU.Build.0 = Release|Any CPU
	EndGlobalSection
	GlobalSection(SolutionProperties) = preSolution
		HideSolutionNode = FALSE
	EndGlobalSection
	GlobalSection(ExtensibilityGlobals) = postSolution
		SolutionGuid = {97402CF6-1938-4216-9EAE-77F68CC50FA3}
	EndGlobalSection
EndGlobal
