
Microsoft Visual Studio Solution File, Format Version 12.00
# Visual Studio Version 17
VisualStudioVersion = 17.4.33403.182
MinimumVisualStudioVersion = 10.0.40219.1
Project("{FAE04EC0-301F-11D3-BF4B-00C04F79EFBC}") = "04.04.2023 Personal Work", "04.04.2023 Personal Work\04.04.2023 Personal Work.csproj", "{785BDD51-F685-44B1-8A0B-65AE6C613CEE}"
EndProject
Global
	GlobalSection(SolutionConfigurationPlatforms) = preSolution
		Debug|Any CPU = Debug|Any CPU
		Release|Any CPU = Release|Any CPU
	EndGlobalSection
	GlobalSection(ProjectConfigurationPlatforms) = postSolution
		{785BDD51-F685-44B1-8A0B-65AE6C613CEE}.Debug|Any CPU.ActiveCfg = Debug|Any CPU
		{785BDD51-F685-44B1-8A0B-65AE6C613CEE}.Debug|Any CPU.Build.0 = Debug|Any CPU
		{785BDD51-F685-44B1-8A0B-65AE6C613CEE}.Release|Any CPU.ActiveCfg = Release|Any CPU
		{785BDD51-F685-44B1-8A0B-65AE6C613CEE}.Release|Any CPU.Build.0 = Release|Any CPU
	EndGlobalSection
	GlobalSection(SolutionProperties) = preSolution
		HideSolutionNode = FALSE
	EndGlobalSection
	GlobalSection(ExtensibilityGlobals) = postSolution
		SolutionGuid = {EEF91B3B-6C18-4322-9DA7-3816E4F6FB22}
	EndGlobalSection
EndGlobal
