
Microsoft Visual Studio Solution File, Format Version 12.00
# Visual Studio Version 17
VisualStudioVersion = 17.4.33403.182
MinimumVisualStudioVersion = 10.0.40219.1
Project("{FAE04EC0-301F-11D3-BF4B-00C04F79EFBC}") = "Preparation to test 15.05.2023", "Preparation to test 15.05.2023\Preparation to test 15.05.2023.csproj", "{17DE1D18-2924-4B2C-BD94-8F6F9650F8F8}"
EndProject
Global
	GlobalSection(SolutionConfigurationPlatforms) = preSolution
		Debug|Any CPU = Debug|Any CPU
		Release|Any CPU = Release|Any CPU
	EndGlobalSection
	GlobalSection(ProjectConfigurationPlatforms) = postSolution
		{17DE1D18-2924-4B2C-BD94-8F6F9650F8F8}.Debug|Any CPU.ActiveCfg = Debug|Any CPU
		{17DE1D18-2924-4B2C-BD94-8F6F9650F8F8}.Debug|Any CPU.Build.0 = Debug|Any CPU
		{17DE1D18-2924-4B2C-BD94-8F6F9650F8F8}.Release|Any CPU.ActiveCfg = Release|Any CPU
		{17DE1D18-2924-4B2C-BD94-8F6F9650F8F8}.Release|Any CPU.Build.0 = Release|Any CPU
	EndGlobalSection
	GlobalSection(SolutionProperties) = preSolution
		HideSolutionNode = FALSE
	EndGlobalSection
	GlobalSection(ExtensibilityGlobals) = postSolution
		SolutionGuid = {0B1574B9-6421-46BE-B733-EBF9B4D20240}
	EndGlobalSection
EndGlobal
