
Microsoft Visual Studio Solution File, Format Version 12.00
# Visual Studio Version 17
VisualStudioVersion = 17.4.33403.182
MinimumVisualStudioVersion = 10.0.40219.1
Project("{FAE04EC0-301F-11D3-BF4B-00C04F79EFBC}") = "PMI22 Exam", "PMI22 Exam\PMI22 Exam.csproj", "{56E192C7-F16B-480A-BEF3-4243F414BC47}"
EndProject
Global
	GlobalSection(SolutionConfigurationPlatforms) = preSolution
		Debug|Any CPU = Debug|Any CPU
		Release|Any CPU = Release|Any CPU
	EndGlobalSection
	GlobalSection(ProjectConfigurationPlatforms) = postSolution
		{56E192C7-F16B-480A-BEF3-4243F414BC47}.Debug|Any CPU.ActiveCfg = Debug|Any CPU
		{56E192C7-F16B-480A-BEF3-4243F414BC47}.Debug|Any CPU.Build.0 = Debug|Any CPU
		{56E192C7-F16B-480A-BEF3-4243F414BC47}.Release|Any CPU.ActiveCfg = Release|Any CPU
		{56E192C7-F16B-480A-BEF3-4243F414BC47}.Release|Any CPU.Build.0 = Release|Any CPU
	EndGlobalSection
	GlobalSection(SolutionProperties) = preSolution
		HideSolutionNode = FALSE
	EndGlobalSection
	GlobalSection(ExtensibilityGlobals) = postSolution
		SolutionGuid = {F147BBF5-95E8-4396-BD17-F88545975449}
	EndGlobalSection
EndGlobal
