
Microsoft Visual Studio Solution File, Format Version 12.00
# Visual Studio Version 17
VisualStudioVersion = 17.4.33403.182
MinimumVisualStudioVersion = 10.0.40219.1
Project("{FAE04EC0-301F-11D3-BF4B-00C04F79EFBC}") = "Personal work 09.05.2023 Protskiv", "Personal work 09.05.2023 Protskiv\Personal work 09.05.2023 Protskiv.csproj", "{6FB476FF-DB63-4FF4-9956-563C9EBF4232}"
EndProject
Global
	GlobalSection(SolutionConfigurationPlatforms) = preSolution
		Debug|Any CPU = Debug|Any CPU
		Release|Any CPU = Release|Any CPU
	EndGlobalSection
	GlobalSection(ProjectConfigurationPlatforms) = postSolution
		{6FB476FF-DB63-4FF4-9956-563C9EBF4232}.Debug|Any CPU.ActiveCfg = Debug|Any CPU
		{6FB476FF-DB63-4FF4-9956-563C9EBF4232}.Debug|Any CPU.Build.0 = Debug|Any CPU
		{6FB476FF-DB63-4FF4-9956-563C9EBF4232}.Release|Any CPU.ActiveCfg = Release|Any CPU
		{6FB476FF-DB63-4FF4-9956-563C9EBF4232}.Release|Any CPU.Build.0 = Release|Any CPU
	EndGlobalSection
	GlobalSection(SolutionProperties) = preSolution
		HideSolutionNode = FALSE
	EndGlobalSection
	GlobalSection(ExtensibilityGlobals) = postSolution
		SolutionGuid = {19103BDF-E481-442F-8656-F772B0EFE459}
	EndGlobalSection
EndGlobal
