
Microsoft Visual Studio Solution File, Format Version 12.00
# Visual Studio Version 17
VisualStudioVersion = 17.4.33403.182
MinimumVisualStudioVersion = 10.0.40219.1
Project("{FAE04EC0-301F-11D3-BF4B-00C04F79EFBC}") = "xUnit Tests", "xUnit Tests\xUnit Tests.csproj", "{D87FD7DB-D772-4BC7-9C77-AD4B7326F253}"
EndProject
Global
	GlobalSection(SolutionConfigurationPlatforms) = preSolution
		Debug|Any CPU = Debug|Any CPU
		Release|Any CPU = Release|Any CPU
	EndGlobalSection
	GlobalSection(ProjectConfigurationPlatforms) = postSolution
		{D87FD7DB-D772-4BC7-9C77-AD4B7326F253}.Debug|Any CPU.ActiveCfg = Debug|Any CPU
		{D87FD7DB-D772-4BC7-9C77-AD4B7326F253}.Debug|Any CPU.Build.0 = Debug|Any CPU
		{D87FD7DB-D772-4BC7-9C77-AD4B7326F253}.Release|Any CPU.ActiveCfg = Release|Any CPU
		{D87FD7DB-D772-4BC7-9C77-AD4B7326F253}.Release|Any CPU.Build.0 = Release|Any CPU
	EndGlobalSection
	GlobalSection(SolutionProperties) = preSolution
		HideSolutionNode = FALSE
	EndGlobalSection
	GlobalSection(ExtensibilityGlobals) = postSolution
		SolutionGuid = {763DAD75-509F-40B8-9178-11072D90CD5E}
	EndGlobalSection
EndGlobal
